<?xml version="1.0" encoding="utf-8"?>
<Project ToolsVersion="4.0" xmlns="http://schemas.microsoft.com/developer/msbuild/2003">
  <ItemGroup>
    <ClInclude Include="pch.h" />
    <ClInclude Include="IocpCore.h">
      <Filter>Core</Filter>
    </ClInclude>
    <ClInclude Include="IocpEvent.h">
      <Filter>Core</Filter>
    </ClInclude>
    <ClInclude Include="IocpObject.h">
      <Filter>Core</Filter>
    </ClInclude>
    <ClInclude Include="Session.h">
      <Filter>Net</Filter>
    </ClInclude>
    <ClInclude Include="Listener.h">
      <Filter>Net</Filter>
    </ClInclude>
    <ClInclude Include="PacketHeader.h">
      <Filter>Packet</Filter>
    </ClInclude>
    <ClInclude Include="RecvBuffer.h">
      <Filter>Net</Filter>
    </ClInclude>
    <ClInclude Include="IServerLogic.h" />
    <ClInclude Include="SessionManager.h">
      <Filter>Net</Filter>
    </ClInclude>
    <ClInclude Include="ServerContext.h">
      <Filter>Internal</Filter>
    </ClInclude>
    <ClInclude Include="ServerEngine.h" />
  </ItemGroup>
  <ItemGroup>
    <ClCompile Include="pch.cpp" />
    <ClCompile Include="IocpCore.cpp">
      <Filter>Core</Filter>
    </ClCompile>
    <ClCompile Include="Session.cpp">
      <Filter>Net</Filter>
    </ClCompile>
    <ClCompile Include="Listener.cpp">
      <Filter>Net</Filter>
    </ClCompile>
    <ClCompile Include="RecvBuffer.cpp">
      <Filter>Net</Filter>
    </ClCompile>
    <ClCompile Include="SessionManager.cpp">
      <Filter>Net</Filter>
    </ClCompile>
    <ClCompile Include="ServerEngine.cpp" />
  </ItemGroup>
  <ItemGroup>
    <Filter Include="Core">
      <UniqueIdentifier>{9b6064d4-823e-4de3-bb03-3fd34bd828c6}</UniqueIdentifier>
    </Filter>
    <Filter Include="Net">
      <UniqueIdentifier>{ee805a9a-7069-4d01-aa8e-ba516842dcbe}</UniqueIdentifier>
    </Filter>
    <Filter Include="Packet">
      <UniqueIdentifier>{6971e65d-c485-40e1-b834-cc5468ce9a1a}</UniqueIdentifier>
    </Filter>
    <Filter Include="Internal">
      <UniqueIdentifier>{78f5a3b2-4041-4c92-a7f0-99e97bc65eca}</UniqueIdentifier>
    </Filter>
  </ItemGroup>
</Project>